
Microsoft Visual Studio Solution File, Format Version 12.00
Project("{FAE04EC0-301F-11D3-BF4B-00C04F79EFBC}") = "ukol cislo", "ukol cislo.csproj", "{756E3A33-F65A-4914-9EEC-AB197A16C142}"
EndProject
Global
	GlobalSection(SolutionConfigurationPlatforms) = preSolution
		Debug|Any CPU = Debug|Any CPU
		Release|Any CPU = Release|Any CPU
	EndGlobalSection
	GlobalSection(ProjectConfigurationPlatforms) = postSolution
		{756E3A33-F65A-4914-9EEC-AB197A16C142}.Debug|Any CPU.ActiveCfg = Debug|Any CPU
		{756E3A33-F65A-4914-9EEC-AB197A16C142}.Debug|Any CPU.Build.0 = Debug|Any CPU
		{756E3A33-F65A-4914-9EEC-AB197A16C142}.Release|Any CPU.ActiveCfg = Release|Any CPU
		{756E3A33-F65A-4914-9EEC-AB197A16C142}.Release|Any CPU.Build.0 = Release|Any CPU
	EndGlobalSection
EndGlobal
