
Microsoft Visual Studio Solution File, Format Version 12.00
Project("{FAE04EC0-301F-11D3-BF4B-00C04F79EFBC}") = "menu", "menu.csproj", "{A45A5A2D-D1F4-4E73-A1BC-1F7891972DC9}"
EndProject
Global
	GlobalSection(SolutionConfigurationPlatforms) = preSolution
		Debug|Any CPU = Debug|Any CPU
		Release|Any CPU = Release|Any CPU
	EndGlobalSection
	GlobalSection(ProjectConfigurationPlatforms) = postSolution
		{A45A5A2D-D1F4-4E73-A1BC-1F7891972DC9}.Debug|Any CPU.ActiveCfg = Debug|Any CPU
		{A45A5A2D-D1F4-4E73-A1BC-1F7891972DC9}.Debug|Any CPU.Build.0 = Debug|Any CPU
		{A45A5A2D-D1F4-4E73-A1BC-1F7891972DC9}.Release|Any CPU.ActiveCfg = Release|Any CPU
		{A45A5A2D-D1F4-4E73-A1BC-1F7891972DC9}.Release|Any CPU.Build.0 = Release|Any CPU
	EndGlobalSection
EndGlobal
