
Microsoft Visual Studio Solution File, Format Version 12.00
Project("{FAE04EC0-301F-11D3-BF4B-00C04F79EFBC}") = "ukol string", "ukol string.csproj", "{BD73491F-85FB-4A45-81BC-97E5F2E69E4A}"
EndProject
Global
	GlobalSection(SolutionConfigurationPlatforms) = preSolution
		Debug|Any CPU = Debug|Any CPU
		Release|Any CPU = Release|Any CPU
	EndGlobalSection
	GlobalSection(ProjectConfigurationPlatforms) = postSolution
		{BD73491F-85FB-4A45-81BC-97E5F2E69E4A}.Debug|Any CPU.ActiveCfg = Debug|Any CPU
		{BD73491F-85FB-4A45-81BC-97E5F2E69E4A}.Debug|Any CPU.Build.0 = Debug|Any CPU
		{BD73491F-85FB-4A45-81BC-97E5F2E69E4A}.Release|Any CPU.ActiveCfg = Release|Any CPU
		{BD73491F-85FB-4A45-81BC-97E5F2E69E4A}.Release|Any CPU.Build.0 = Release|Any CPU
	EndGlobalSection
EndGlobal
